
Microsoft Visual Studio Solution File, Format Version 12.00
# Visual Studio Version 17
VisualStudioVersion = 17.7.34031.279
MinimumVisualStudioVersion = 10.0.40219.1
Project("{FAE04EC0-301F-11D3-BF4B-00C04F79EFBC}") = "VehicleInspectionManager", "VehicleInspectionManager.csproj", "{339CEB06-84DE-470E-AB04-B76864A60740}"
EndProject
Project("{FAE04EC0-301F-11D3-BF4B-00C04F79EFBC}") = "VehicleInspectionInterface", "VehicleInspectionInterface\VehicleInspectionInterface.csproj", "{FC87652A-280A-44CC-8194-16A034C8B9CB}"
EndProject
Global
	GlobalSection(SolutionConfigurationPlatforms) = preSolution
		Debug|Any CPU = Debug|Any CPU
		Release|Any CPU = Release|Any CPU
	EndGlobalSection
	GlobalSection(ProjectConfigurationPlatforms) = postSolution
		{339CEB06-84DE-470E-AB04-B76864A60740}.Debug|Any CPU.ActiveCfg = Debug|Any CPU
		{339CEB06-84DE-470E-AB04-B76864A60740}.Debug|Any CPU.Build.0 = Debug|Any CPU
		{339CEB06-84DE-470E-AB04-B76864A60740}.Release|Any CPU.ActiveCfg = Release|Any CPU
		{339CEB06-84DE-470E-AB04-B76864A60740}.Release|Any CPU.Build.0 = Release|Any CPU
		{FC87652A-280A-44CC-8194-16A034C8B9CB}.Debug|Any CPU.ActiveCfg = Debug|Any CPU
		{FC87652A-280A-44CC-8194-16A034C8B9CB}.Debug|Any CPU.Build.0 = Debug|Any CPU
		{FC87652A-280A-44CC-8194-16A034C8B9CB}.Release|Any CPU.ActiveCfg = Release|Any CPU
		{FC87652A-280A-44CC-8194-16A034C8B9CB}.Release|Any CPU.Build.0 = Release|Any CPU
	EndGlobalSection
	GlobalSection(SolutionProperties) = preSolution
		HideSolutionNode = FALSE
	EndGlobalSection
	GlobalSection(ExtensibilityGlobals) = postSolution
		SolutionGuid = {9D8F5ADF-5B3B-484D-B3B6-7E62D71AF825}
	EndGlobalSection
EndGlobal
